{
    "_meta": {
        "hash": {
            "sha256": "363c0afa848ba89889127018f6664f4c05e4dc308586ae3003273a4f360ef3db"
        },
        "pipfile-spec": 6,
        "requires": {
            "python_version": "3.7"
        },
        "sources": [
            {
                "name": "pypi",
                "url": "https://pypi.org/simple",
                "verify_ssl": true
            }
        ]
    },
    "default": {
        "beautifulsoup4": {
            "hashes": [
                "sha256:73cc4d115b96f79c7d77c1c7f7a0a8d4c57860d1041df407dd1aae7f07a77fd7",
                "sha256:a6237df3c32ccfaee4fd201c8f5f9d9df619b93121d01353a64a73ce8c6ef9a8",
                "sha256:e718f2342e2e099b640a34ab782407b7b676f47ee272d6739e60b8ea23829f2c"
            ],
            "version": "==4.9.1"
        },
        "bs4": {
            "hashes": [
                "sha256:36ecea1fd7cc5c0c6e4a1ff075df26d50da647b75376626cc186e2212886dd3a"
            ],
            "index": "pypi",
            "version": "==0.0.1"
        },
        "certifi": {
            "hashes": [
                "sha256:1d987a998c75633c40847cc966fcf5904906c920a7f17ef374f5aa4282abd304",
                "sha256:51fcb31174be6e6664c5f69e3e1691a2d72a1a12e90f872cbdb1567eb47b6519"
            ],
            "version": "==2020.4.5.1"
        },
        "chardet": {
            "hashes": [
                "sha256:84ab92ed1c4d4f16916e05906b6b75a6c0fb5db821cc65e70cbd64a3e2a5eaae",
                "sha256:fc323ffcaeaed0e0a02bf4d117757b98aed530d9ed4531e3e15460124c106691"
            ],
            "version": "==3.0.4"
        },
        "google-api-python-client": {
            "hashes": [
                "sha256:695fc4d6752549c052c40ab0e33fbfb17593477704480817bf266049a126a096",
                "sha256:d916e04969cb1fd6727b9f49290828e9d7162b90c1d5b4be0aed3c171a75d8be",
                "sha256:e89ce96d216d0b2c3e86e792873d4044544e16efb80c17969543c714c4f1069f"
            ],
            "index": "pypi",
            "version": "==1.5.3"
        },
        "httplib2": {
            "hashes": [
                "sha256:4f6988e6399a2546b525a037d56da34aed4d149bbdc0e78523018d5606c26e74",
                "sha256:b0e1f3ed76c97380fe2485bc47f25235453b40ef33ca5921bb2897e257a49c4c"
            ],
            "index": "pypi",
            "version": "==0.18.0"
        },
        "idna": {
            "hashes": [
                "sha256:c357b3f628cf53ae2c4c05627ecc484553142ca23264e593d327bcde5e9c3407",
                "sha256:ea8b7f6188e6fa117537c3df7da9fc686d485087abf6ac197f9c46432f7e4a3c"
            ],
            "version": "==2.8"
        },
        "oauth2client": {
            "hashes": [
                "sha256:5b5b056ec6f2304e7920b632885bd157fa71d1a7f3ddd00a43b1541a8d1a2460"
            ],
            "index": "pypi",
            "version": "==3.0.0"
        },
        "pyasn1": {
            "hashes": [
                "sha256:28fee44217991cfad9e6a0b9f7e3f26041e21ebc96629e94e585ccd05d49fa65",
                "sha256:853cacd96d1f701ddd67aa03ecc05f51890135b7262e922710112f12a2ed2a7f"
            ],
            "index": "pypi",
            "version": "==0.1.9"
        },
        "pyasn1-modules": {
            "hashes": [
                "sha256:10561934f1829bcc455c7ecdcdacdb4be5ffd3696f26f468eb6eb41e107f3837",
                "sha256:6c955210b86fcff3420957072280560ddaf183aa761fb76240c20c322e01021d"
            ],
            "index": "pypi",
            "version": "==0.0.8"
        },
        "requests": {
            "hashes": [
                "sha256:11e007a8a2aa0323f5a921e9e6a2d7e4e67d9877e85773fba9ba6419025cbeb4",
                "sha256:9cf5292fcd0f598c671cfc1e0d7d1a7f13bb8085e9a590f48c010551dc6c4b31"
            ],
            "index": "pypi",
            "version": "==2.22.0"
        },
        "rsa": {
            "hashes": [
                "sha256:25df4e10c263fb88b5ace923dd84bf9aa7f5019687b5e55382ffcdb8bede9db5",
                "sha256:43f682fea81c452c98d09fc316aae12de6d30c4b5c84226642cf8f8fd1c93abd"
            ],
            "index": "pypi",
            "version": "==3.4.2"
        },
        "simplejson": {
            "hashes": [
                "sha256:057952d5a964737425faca7153e497daee126c88cee424f8331bf8f931430880",
                "sha256:08b59bcb98c1d7b8d2a5efd275afa18225a82f58bedde4dfec5410e884e0fbbf",
                "sha256:1b7126e3eb3cd4794e9b34837d8eb84ce9a36a2aed2bbed8b42e1ede6f9c89ba",
                "sha256:8793bb83911ea75c0be8806456cfb6242f2e513107115811dc6bc010029fb1b0",
                "sha256:99694d33744924958412312113925a9eff918e4c32ec850f1636a7af3a463481",
                "sha256:b2ef4f07f38b9303c8bbf43150722792649676eabfae004922e085c6247a4e1b",
                "sha256:cd769310466f36133cd9155b571c768767f29682deb1639520216ac8a8567774",
                "sha256:d34db551b129650c5a048170a57b34e6dd8b53439acee5287e2efa2e53c80d33",
                "sha256:d58439c548433adcda98e695be53e526ba940a4b9c44fb9a05d92cd495cdd47f",
                "sha256:e054544ecec008a17e81a06a46651a2582dcc63e232f9d3aafe0c3b7d43245f4",
                "sha256:e3b2fed6fedf3fdce70d10c61dee8779b8bf7e67b5625efee4bff8243b180487"
            ],
            "index": "pypi",
            "version": "==3.8.2"
        },
        "six": {
            "hashes": [
                "sha256:0ff78c403d9bccf5a425a6d31a12aa6b47f1c21ca4dc2573a7e2f32a97335eb1",
                "sha256:105f8d68616f8248e24bf0e9372ef04d3cc10104f1980f54d57b2ce73a5ad56a"
            ],
            "index": "pypi",
            "version": "==1.10.0"
        },
        "soupsieve": {
            "hashes": [
                "sha256:1634eea42ab371d3d346309b93df7870a88610f0725d47528be902a0d95ecc55",
                "sha256:a59dc181727e95d25f781f0eb4fd1825ff45590ec8ff49eadfd7f1a537cc0232"
            ],
            "version": "==2.0.1"
        },
        "uritemplate": {
            "hashes": [
                "sha256:a30e230aeb7ebedbcb5da9999a17fa8a30e512e6d5b06f73d47c6e03c8e357fd"
            ],
            "index": "pypi",
            "version": "==0.6"
        },
        "urllib3": {
            "hashes": [
                "sha256:3018294ebefce6572a474f0604c2021e33b3fd8006ecd11d62107a5d2a963527",
                "sha256:88206b0eb87e6d677d424843ac5209e3fb9d0190d0ee169599165ec25e9d9115"
            ],
            "version": "==1.25.9"
        }
    },
    "develop": {}
}
